
Microsoft Visual Studio Solution File, Format Version 12.00
# Visual Studio 15
VisualStudioVersion = 15.0.28307.329
MinimumVisualStudioVersion = 10.0.40219.1
Project("{FAE04EC0-301F-11D3-BF4B-00C04F79EFBC}") = "WPFUI", "WPFUI\WPFUI.csproj", "{35894F08-1FF2-49A1-8CB5-03071835FCA7}"
EndProject
Project("{FAE04EC0-301F-11D3-BF4B-00C04F79EFBC}") = "Engine", "Engine\Engine.csproj", "{2FB9E85B-0D32-422B-86FF-DE68B09E457E}"
EndProject
Global
	GlobalSection(SolutionConfigurationPlatforms) = preSolution
		Debug|Any CPU = Debug|Any CPU
		Release|Any CPU = Release|Any CPU
	EndGlobalSection
	GlobalSection(ProjectConfigurationPlatforms) = postSolution
		{35894F08-1FF2-49A1-8CB5-03071835FCA7}.Debug|Any CPU.ActiveCfg = Debug|Any CPU
		{35894F08-1FF2-49A1-8CB5-03071835FCA7}.Debug|Any CPU.Build.0 = Debug|Any CPU
		{35894F08-1FF2-49A1-8CB5-03071835FCA7}.Release|Any CPU.ActiveCfg = Release|Any CPU
		{35894F08-1FF2-49A1-8CB5-03071835FCA7}.Release|Any CPU.Build.0 = Release|Any CPU
		{2FB9E85B-0D32-422B-86FF-DE68B09E457E}.Debug|Any CPU.ActiveCfg = Debug|Any CPU
		{2FB9E85B-0D32-422B-86FF-DE68B09E457E}.Debug|Any CPU.Build.0 = Debug|Any CPU
		{2FB9E85B-0D32-422B-86FF-DE68B09E457E}.Release|Any CPU.ActiveCfg = Release|Any CPU
		{2FB9E85B-0D32-422B-86FF-DE68B09E457E}.Release|Any CPU.Build.0 = Release|Any CPU
	EndGlobalSection
	GlobalSection(SolutionProperties) = preSolution
		HideSolutionNode = FALSE
	EndGlobalSection
	GlobalSection(ExtensibilityGlobals) = postSolution
		SolutionGuid = {A42EFE03-5A8D-4AD6-B88B-90567FD683BC}
	EndGlobalSection
EndGlobal
